# This file is generated by running "yarn install" inside your project.
# Manual changes might be lost - proceed with caution!

__metadata:
  version: 8
  cacheKey: 10c0

"@adraffy/ens-normalize@npm:1.10.0":
  version: 1.10.0
  resolution: "@adraffy/ens-normalize@npm:1.10.0"
  checksum: 10c0/78ae700847a2516d5a0ae12c4e23d09392a40c67e73b137eb7189f51afb1601c8d18784aeda2ed288a278997824dc924d1f398852c21d41ee2c4c564f2fb4d26
  languageName: node
  linkType: hard

"@noble/curves@npm:1.4.0":
  version: 1.4.0
  resolution: "@noble/curves@npm:1.4.0"
  dependencies:
    "@noble/hashes": "npm:1.4.0"
  checksum: 10c0/31fbc370df91bcc5a920ca3f2ce69c8cf26dc94775a36124ed8a5a3faf0453badafd2ee4337061ffea1b43c623a90ee8b286a5a81604aaf9563bdad7ff795d18
  languageName: node
  linkType: hard

"@noble/curves@npm:^1.4.0, @noble/curves@npm:~1.4.0":
  version: 1.4.2
  resolution: "@noble/curves@npm:1.4.2"
  dependencies:
    "@noble/hashes": "npm:1.4.0"
  checksum: 10c0/65620c895b15d46e8087939db6657b46a1a15cd4e0e4de5cd84b97a0dfe0af85f33a431bb21ac88267e3dc508618245d4cb564213959d66a84d690fe18a63419
  languageName: node
  linkType: hard

"@noble/hashes@npm:1.4.0, @noble/hashes@npm:^1.4.0, @noble/hashes@npm:~1.4.0":
  version: 1.4.0
  resolution: "@noble/hashes@npm:1.4.0"
  checksum: 10c0/8c3f005ee72e7b8f9cff756dfae1241485187254e3f743873e22073d63906863df5d4f13d441b7530ea614b7a093f0d889309f28b59850f33b66cb26a779a4a5
  languageName: node
  linkType: hard

"@scure/base@npm:~1.1.6":
  version: 1.1.7
  resolution: "@scure/base@npm:1.1.7"
  checksum: 10c0/2d06aaf39e6de4b9640eb40d2e5419176ebfe911597856dcbf3bc6209277ddb83f4b4b02cb1fd1208f819654268ec083da68111d3530bbde07bae913e2fc2e5d
  languageName: node
  linkType: hard

"@scure/bip32@npm:1.4.0":
  version: 1.4.0
  resolution: "@scure/bip32@npm:1.4.0"
  dependencies:
    "@noble/curves": "npm:~1.4.0"
    "@noble/hashes": "npm:~1.4.0"
    "@scure/base": "npm:~1.1.6"
  checksum: 10c0/6849690d49a3bf1d0ffde9452eb16ab83478c1bc0da7b914f873e2930cd5acf972ee81320e3df1963eb247cf57e76d2d975b5f97093d37c0e3f7326581bf41bd
  languageName: node
  linkType: hard

"@scure/bip39@npm:1.3.0":
  version: 1.3.0
  resolution: "@scure/bip39@npm:1.3.0"
  dependencies:
    "@noble/hashes": "npm:~1.4.0"
    "@scure/base": "npm:~1.1.6"
  checksum: 10c0/1ae1545a7384a4d9e33e12d9e9f8824f29b0279eb175b0f0657c0a782c217920054f9a1d28eb316a417dfc6c4e0b700d6fbdc6da160670107426d52fcbe017a8
  languageName: node
  linkType: hard

"@types/node@npm:^20.14.12":
  version: 20.14.12
  resolution: "@types/node@npm:20.14.12"
  dependencies:
    undici-types: "npm:~5.26.4"
  checksum: 10c0/59bc5fa11fdd23fd517f859063118f54a1ab53d3399ef63c926f8902429d7453abc0db22ef4b0a6110026b6ab81b6472fee894e1d235c24b01a0b3e10cfae0bb
  languageName: node
  linkType: hard

"@zerodev/ecdsa-validator@npm:^5.3.1":
  version: 5.3.1
  resolution: "@zerodev/ecdsa-validator@npm:5.3.1"
  peerDependencies:
    "@zerodev/sdk": ^5.2.1
    permissionless: ^0.1.18
    viem: ^2.16.3
  checksum: 10c0/628574dc7ac0d636a1281107f1fe7685c5e761a45af89e35021f1529f9c228b6dc1a4d803fffb40855d8eea0a86ed6d254f13ecba1981d9f413bb4af372e61cf
  languageName: node
  linkType: hard

"@zerodev/sdk@npm:^5.3.4":
  version: 5.3.4
  resolution: "@zerodev/sdk@npm:5.3.4"
  dependencies:
    semver: "npm:^7.6.0"
  peerDependencies:
    permissionless: ^0.1.18
    viem: ^2.16.3
  checksum: 10c0/cac66c6068069f111e9a02b7940fc38fddec6aed931083975ff82410265ef85caacab0d707316ea2ddb8ab6fe9d3a110010e8c358b6329865c7e138fa2dd0c74
  languageName: node
  linkType: hard

"abitype@npm:1.0.5":
  version: 1.0.5
  resolution: "abitype@npm:1.0.5"
  peerDependencies:
    typescript: ">=5.0.4"
    zod: ^3 >=3.22.0
  peerDependenciesMeta:
    typescript:
      optional: true
    zod:
      optional: true
  checksum: 10c0/dc954877fba19e2b7a70f1025807d69fa5aabec8bd58ce94e68d1a5ec1697fff3fe5214b4392508db7191762150f19a2396cf66ffb1d3ba8c1f37a89fd25e598
  languageName: node
  linkType: hard

"isows@npm:1.0.4":
  version: 1.0.4
  resolution: "isows@npm:1.0.4"
  peerDependencies:
    ws: "*"
  checksum: 10c0/46f43b07edcf148acba735ddfc6ed985e1e124446043ea32b71023e67671e46619c8818eda8c34a9ac91cb37c475af12a3aeeee676a88a0aceb5d67a3082313f
  languageName: node
  linkType: hard

"permissionless@npm:^0.1.42":
  version: 0.1.42
  resolution: "permissionless@npm:0.1.42"
  peerDependencies:
    viem: ^2.14.1
  checksum: 10c0/18eccfe8b69f7b362145e0a03d25f1e1099a9b3675f14ac0ca18eb1bd0f2f68663e07637c540f344ee0ef1fbdd1277cce2cf5330f2850ec3fad8e71a1f3d49df
  languageName: node
  linkType: hard

"semver@npm:^7.6.0":
  version: 7.6.3
  resolution: "semver@npm:7.6.3"
  bin:
    semver: bin/semver.js
  checksum: 10c0/88f33e148b210c153873cb08cfe1e281d518aaa9a666d4d148add6560db5cd3c582f3a08ccb91f38d5f379ead256da9931234ed122057f40bb5766e65e58adaf
  languageName: node
  linkType: hard

"tslib@npm:^2.6.3":
  version: 2.6.3
  resolution: "tslib@npm:2.6.3"
  checksum: 10c0/2598aef53d9dbe711af75522464b2104724d6467b26a60f2bdac8297d2b5f1f6b86a71f61717384aa8fd897240467aaa7bcc36a0700a0faf751293d1331db39a
  languageName: node
  linkType: hard

"undici-types@npm:~5.26.4":
  version: 5.26.5
  resolution: "undici-types@npm:5.26.5"
  checksum: 10c0/bb673d7876c2d411b6eb6c560e0c571eef4a01c1c19925175d16e3a30c4c428181fb8d7ae802a261f283e4166a0ac435e2f505743aa9e45d893f9a3df017b501
  languageName: node
  linkType: hard

"viem@npm:^2.18.2":
  version: 2.18.2
  resolution: "viem@npm:2.18.2"
  dependencies:
    "@adraffy/ens-normalize": "npm:1.10.0"
    "@noble/curves": "npm:1.4.0"
    "@noble/hashes": "npm:1.4.0"
    "@scure/bip32": "npm:1.4.0"
    "@scure/bip39": "npm:1.3.0"
    abitype: "npm:1.0.5"
    isows: "npm:1.0.4"
    webauthn-p256: "npm:0.0.5"
    ws: "npm:8.17.1"
  peerDependencies:
    typescript: ">=5.0.4"
  peerDependenciesMeta:
    typescript:
      optional: true
  checksum: 10c0/1d5514d2d40b16a01447d0bd75a0115f04e2ddb5af11dea526df8b48580ed11e8171674de93fbc526219551243da6cbe5ec66f15be97a3c9b5c5200122cb88f7
  languageName: node
  linkType: hard

"webauthn-p256@npm:0.0.5":
  version: 0.0.5
  resolution: "webauthn-p256@npm:0.0.5"
  dependencies:
    "@noble/curves": "npm:^1.4.0"
    "@noble/hashes": "npm:^1.4.0"
  checksum: 10c0/8a445dddaf0e699363a0a7bca51742f672dbbec427c1a97618465bfc418df0eff10d3f1cf5e43bcd0cd0dc5abcdaad7914916c06c84107eaf226f5a1d0690c13
  languageName: node
  linkType: hard

"ws@npm:8.17.1":
  version: 8.17.1
  resolution: "ws@npm:8.17.1"
  peerDependencies:
    bufferutil: ^4.0.1
    utf-8-validate: ">=5.0.2"
  peerDependenciesMeta:
    bufferutil:
      optional: true
    utf-8-validate:
      optional: true
  checksum: 10c0/f4a49064afae4500be772abdc2211c8518f39e1c959640457dcee15d4488628620625c783902a52af2dd02f68558da2868fd06e6fd0e67ebcd09e6881b1b5bfe
  languageName: node
  linkType: hard

"zerodev@workspace:.":
  version: 0.0.0-use.local
  resolution: "zerodev@workspace:."
  dependencies:
    "@types/node": "npm:^20.14.12"
    "@zerodev/ecdsa-validator": "npm:^5.3.1"
    "@zerodev/sdk": "npm:^5.3.4"
    permissionless: "npm:^0.1.42"
    tslib: "npm:^2.6.3"
    viem: "npm:^2.18.2"
  languageName: unknown
  linkType: soft
